
Microsoft Visual Studio Solution File, Format Version 12.00
# Visual Studio Version 17
VisualStudioVersion = 17.6.33829.357
MinimumVisualStudioVersion = 10.0.40219.1
Project("{FAE04EC0-301F-11D3-BF4B-00C04F79EFBC}") = "DIENAPPRESTAPI", "DIENAPPRESTAPI.csproj", "{B07D9906-D271-425D-9BEF-3CE6245F8C71}"
EndProject
Global
	GlobalSection(SolutionConfigurationPlatforms) = preSolution
		Debug|Any CPU = Debug|Any CPU
		Release|Any CPU = Release|Any CPU
	EndGlobalSection
	GlobalSection(ProjectConfigurationPlatforms) = postSolution
		{B07D9906-D271-425D-9BEF-3CE6245F8C71}.Debug|Any CPU.ActiveCfg = Debug|Any CPU
		{B07D9906-D271-425D-9BEF-3CE6245F8C71}.Debug|Any CPU.Build.0 = Debug|Any CPU
		{B07D9906-D271-425D-9BEF-3CE6245F8C71}.Release|Any CPU.ActiveCfg = Release|Any CPU
		{B07D9906-D271-425D-9BEF-3CE6245F8C71}.Release|Any CPU.Build.0 = Release|Any CPU
	EndGlobalSection
	GlobalSection(SolutionProperties) = preSolution
		HideSolutionNode = FALSE
	EndGlobalSection
	GlobalSection(ExtensibilityGlobals) = postSolution
		SolutionGuid = {9547A4DA-C414-4EA7-A5FA-C526D60C08D3}
	EndGlobalSection
EndGlobal
